{
  "nodes": {
    "flake-compat": {
      "flake": false,
      "locked": {
        "lastModified": 1767039857,
        "narHash": "sha256-vNpUSpF5Nuw8xvDLj2KCwwksIbjua2LZCqhV1LNRDns=",
        "owner": "edolstra",
        "repo": "flake-compat",
        "rev": "5edf11c44bc78a0d334f6334cdaf7d60d732daab",
        "type": "github"
      },
      "original": {
        "owner": "edolstra",
        "repo": "flake-compat",
        "type": "github"
      }
    },
    "nixpkgs": {
      "locked": {
        "lastModified": 1773628058,
        "narHash": "sha256-hpXH0z3K9xv0fHaje136KY872VT2T5uwxtezlAskQgY=",
        "owner": "NixOS",
        "repo": "nixpkgs",
        "rev": "f8573b9c935cfaa162dd62cc9e75ae2db86f85df",
        "type": "github"
      },
      "original": {
        "owner": "NixOS",
        "ref": "nixpkgs-unstable",
        "repo": "nixpkgs",
        "type": "github"
      }
    },
    "nixpkgs-python": {
      "inputs": {
        "flake-compat": "flake-compat",
        "nixpkgs": "nixpkgs_2"
      },
      "locked": {
        "lastModified": 1773766182,
        "narHash": "sha256-IXbPHwycQyYcccnNJShLGeUxCPPIgigpE5EzPuNDqoo=",
        "owner": "cachix",
        "repo": "nixpkgs-python",
        "rev": "f31232bde73682c38a6f60dd52f8ae861ef9594a",
        "type": "github"
      },
      "original": {
        "owner": "cachix",
        "repo": "nixpkgs-python",
        "type": "github"
      }
    },
    "nixpkgs_2": {
      "locked": {
        "lastModified": 1773705440,
        "narHash": "sha256-xB30bbAp0e7ogSEYyc126mAJMt4FRFh8wtm6ADE1xuM=",
        "owner": "NixOS",
        "repo": "nixpkgs",
        "rev": "48652e9d5aea46e555b3df87354280d4f29cd3a3",
        "type": "github"
      },
      "original": {
        "owner": "NixOS",
        "ref": "nixos-25.11",
        "repo": "nixpkgs",
        "type": "github"
      }
    },
    "root": {
      "inputs": {
        "nixpkgs": "nixpkgs",
        "nixpkgs-python": "nixpkgs-python"
      }
    }
  },
  "root": "root",
  "version": 7
}
